
Microsoft Visual Studio Solution File, Format Version 12.00
# Visual Studio Version 17
VisualStudioVersion = 17.13.35806.99 d17.13
MinimumVisualStudioVersion = 10.0.40219.1
Project("{FAE04EC0-301F-11D3-BF4B-00C04F79EFBC}") = "CsvDatExport", "CsvDatExport\CsvDatExport.csproj", "{4C60BE73-62F5-4385-8317-9C22FC06D62E}"
EndProject
Global
	GlobalSection(SolutionConfigurationPlatforms) = preSolution
		Debug|Any CPU = Debug|Any CPU
		Release|Any CPU = Release|Any CPU
	EndGlobalSection
	GlobalSection(ProjectConfigurationPlatforms) = postSolution
		{4C60BE73-62F5-4385-8317-9C22FC06D62E}.Debug|Any CPU.ActiveCfg = Debug|Any CPU
		{4C60BE73-62F5-4385-8317-9C22FC06D62E}.Debug|Any CPU.Build.0 = Debug|Any CPU
		{4C60BE73-62F5-4385-8317-9C22FC06D62E}.Release|Any CPU.ActiveCfg = Release|Any CPU
		{4C60BE73-62F5-4385-8317-9C22FC06D62E}.Release|Any CPU.Build.0 = Release|Any CPU
	EndGlobalSection
	GlobalSection(SolutionProperties) = preSolution
		HideSolutionNode = FALSE
	EndGlobalSection
	GlobalSection(ExtensibilityGlobals) = postSolution
		SolutionGuid = {76715D65-933C-4647-A7F4-5CF6D6B23BC2}
	EndGlobalSection
EndGlobal
